
Microsoft Visual Studio Solution File, Format Version 12.00
# Visual Studio 2017
Project("{FAE04EC0-301F-11D3-BF4B-00C04F79EFBC}") = "DusterCubesPrototype", "DusterCubesPrototype.csproj", "{7AE55109-1E21-1E7A-F57E-937A6A0C6ACA}"
EndProject
Global
	GlobalSection(SolutionConfigurationPlatforms) = preSolution
		Debug|Any CPU = Debug|Any CPU
		Release|Any CPU = Release|Any CPU
	EndGlobalSection
	GlobalSection(ProjectConfigurationPlatforms) = postSolution
		{7AE55109-1E21-1E7A-F57E-937A6A0C6ACA}.Debug|Any CPU.ActiveCfg = Debug|Any CPU
		{7AE55109-1E21-1E7A-F57E-937A6A0C6ACA}.Debug|Any CPU.Build.0 = Debug|Any CPU
		{7AE55109-1E21-1E7A-F57E-937A6A0C6ACA}.Release|Any CPU.ActiveCfg = Release|Any CPU
		{7AE55109-1E21-1E7A-F57E-937A6A0C6ACA}.Release|Any CPU.Build.0 = Release|Any CPU
	EndGlobalSection
	GlobalSection(SolutionProperties) = preSolution
		HideSolutionNode = FALSE
	EndGlobalSection
EndGlobal
